
Microsoft Visual Studio Solution File, Format Version 12.00
# Visual Studio Version 17
VisualStudioVersion = 17.8.34330.188
MinimumVisualStudioVersion = 10.0.40219.1
Project("{FAE04EC0-301F-11D3-BF4B-00C04F79EFBC}") = "MyShop.Web", "MyShop.Web\MyShop.Web.csproj", "{7D393E4E-645C-45AF-B8FF-6924FA39D252}"
EndProject
Global
	GlobalSection(SolutionConfigurationPlatforms) = preSolution
		Debug|Any CPU = Debug|Any CPU
		Release|Any CPU = Release|Any CPU
	EndGlobalSection
	GlobalSection(ProjectConfigurationPlatforms) = postSolution
		{7D393E4E-645C-45AF-B8FF-6924FA39D252}.Debug|Any CPU.ActiveCfg = Debug|Any CPU
		{7D393E4E-645C-45AF-B8FF-6924FA39D252}.Debug|Any CPU.Build.0 = Debug|Any CPU
		{7D393E4E-645C-45AF-B8FF-6924FA39D252}.Release|Any CPU.ActiveCfg = Release|Any CPU
		{7D393E4E-645C-45AF-B8FF-6924FA39D252}.Release|Any CPU.Build.0 = Release|Any CPU
	EndGlobalSection
	GlobalSection(SolutionProperties) = preSolution
		HideSolutionNode = FALSE
	EndGlobalSection
	GlobalSection(ExtensibilityGlobals) = postSolution
		SolutionGuid = {7EF44004-2620-41DE-ADC5-BF20353A0A1F}
	EndGlobalSection
EndGlobal
