
Microsoft Visual Studio Solution File, Format Version 12.00
# Visual Studio Version 17
VisualStudioVersion = 17.8.34330.188
MinimumVisualStudioVersion = 10.0.40219.1
Project("{9A19103F-16F7-4668-BE54-9A1E7A4F7556}") = "MyShop.Web", "MyShop.Web\MyShop.Web.csproj", "{7D393E4E-645C-45AF-B8FF-6924FA39D252}"
EndProject
Project("{9A19103F-16F7-4668-BE54-9A1E7A4F7556}") = "MyShop.DAL", "MyShop.DAL\MyShop.DAL.csproj", "{E5DBCC23-B133-42FE-BD7C-163144EB3545}"
EndProject
Project("{9A19103F-16F7-4668-BE54-9A1E7A4F7556}") = "MyShop.Domain", "MyShop.Domain\MyShop.Domain.csproj", "{F6C0227E-FB6A-4A4A-9FB9-D92FDE3A2516}"
EndProject
Project("{FAE04EC0-301F-11D3-BF4B-00C04F79EFBC}") = "MyShop.Utilities", "MyShop.Utilities\MyShop.Utilities.csproj", "{8E7E90BA-8B10-43AB-9952-5D49F500CC2D}"
EndProject
Global
	GlobalSection(SolutionConfigurationPlatforms) = preSolution
		Debug|Any CPU = Debug|Any CPU
		Release|Any CPU = Release|Any CPU
	EndGlobalSection
	GlobalSection(ProjectConfigurationPlatforms) = postSolution
		{7D393E4E-645C-45AF-B8FF-6924FA39D252}.Debug|Any CPU.ActiveCfg = Debug|Any CPU
		{7D393E4E-645C-45AF-B8FF-6924FA39D252}.Debug|Any CPU.Build.0 = Debug|Any CPU
		{7D393E4E-645C-45AF-B8FF-6924FA39D252}.Release|Any CPU.ActiveCfg = Release|Any CPU
		{7D393E4E-645C-45AF-B8FF-6924FA39D252}.Release|Any CPU.Build.0 = Release|Any CPU
		{E5DBCC23-B133-42FE-BD7C-163144EB3545}.Debug|Any CPU.ActiveCfg = Debug|Any CPU
		{E5DBCC23-B133-42FE-BD7C-163144EB3545}.Debug|Any CPU.Build.0 = Debug|Any CPU
		{E5DBCC23-B133-42FE-BD7C-163144EB3545}.Release|Any CPU.ActiveCfg = Release|Any CPU
		{E5DBCC23-B133-42FE-BD7C-163144EB3545}.Release|Any CPU.Build.0 = Release|Any CPU
		{F6C0227E-FB6A-4A4A-9FB9-D92FDE3A2516}.Debug|Any CPU.ActiveCfg = Debug|Any CPU
		{F6C0227E-FB6A-4A4A-9FB9-D92FDE3A2516}.Debug|Any CPU.Build.0 = Debug|Any CPU
		{F6C0227E-FB6A-4A4A-9FB9-D92FDE3A2516}.Release|Any CPU.ActiveCfg = Release|Any CPU
		{F6C0227E-FB6A-4A4A-9FB9-D92FDE3A2516}.Release|Any CPU.Build.0 = Release|Any CPU
		{8E7E90BA-8B10-43AB-9952-5D49F500CC2D}.Debug|Any CPU.ActiveCfg = Debug|Any CPU
		{8E7E90BA-8B10-43AB-9952-5D49F500CC2D}.Debug|Any CPU.Build.0 = Debug|Any CPU
		{8E7E90BA-8B10-43AB-9952-5D49F500CC2D}.Release|Any CPU.ActiveCfg = Release|Any CPU
		{8E7E90BA-8B10-43AB-9952-5D49F500CC2D}.Release|Any CPU.Build.0 = Release|Any CPU
	EndGlobalSection
	GlobalSection(SolutionProperties) = preSolution
		HideSolutionNode = FALSE
	EndGlobalSection
	GlobalSection(ExtensibilityGlobals) = postSolution
		SolutionGuid = {7EF44004-2620-41DE-ADC5-BF20353A0A1F}
	EndGlobalSection
EndGlobal
